
Microsoft Visual Studio Solution File, Format Version 12.00
# Visual Studio Version 17
VisualStudioVersion = 17.9.34723.18
MinimumVisualStudioVersion = 10.0.40219.1
Project("{FAE04EC0-301F-11D3-BF4B-00C04F79EFBC}") = "Technurans_Task", "Technurans_Task\Technurans_Task.csproj", "{1A6B4881-484B-4A79-888E-BB09420CB71D}"
EndProject
Global
	GlobalSection(SolutionConfigurationPlatforms) = preSolution
		Debug|Any CPU = Debug|Any CPU
		Release|Any CPU = Release|Any CPU
	EndGlobalSection
	GlobalSection(ProjectConfigurationPlatforms) = postSolution
		{1A6B4881-484B-4A79-888E-BB09420CB71D}.Debug|Any CPU.ActiveCfg = Debug|Any CPU
		{1A6B4881-484B-4A79-888E-BB09420CB71D}.Debug|Any CPU.Build.0 = Debug|Any CPU
		{1A6B4881-484B-4A79-888E-BB09420CB71D}.Release|Any CPU.ActiveCfg = Release|Any CPU
		{1A6B4881-484B-4A79-888E-BB09420CB71D}.Release|Any CPU.Build.0 = Release|Any CPU
	EndGlobalSection
	GlobalSection(SolutionProperties) = preSolution
		HideSolutionNode = FALSE
	EndGlobalSection
	GlobalSection(ExtensibilityGlobals) = postSolution
		SolutionGuid = {AD2B5A0B-9E75-4A86-92A0-65AF6CBA1374}
	EndGlobalSection
EndGlobal
